
Microsoft Visual Studio Solution File, Format Version 12.00
# Visual Studio Version 17
VisualStudioVersion = 17.7.34031.279
MinimumVisualStudioVersion = 10.0.40219.1
Project("{FAE04EC0-301F-11D3-BF4B-00C04F79EFBC}") = "RoadWearRemover", "RoadWearRemover\RoadWearRemover.csproj", "{53D2B4E9-2E9F-4CBA-8CF8-B253CF36C52E}"
EndProject
Global
	GlobalSection(SolutionConfigurationPlatforms) = preSolution
		Debug|Any CPU = Debug|Any CPU
		Release|Any CPU = Release|Any CPU
	EndGlobalSection
	GlobalSection(ProjectConfigurationPlatforms) = postSolution
		{53D2B4E9-2E9F-4CBA-8CF8-B253CF36C52E}.Debug|Any CPU.ActiveCfg = Debug|Any CPU
		{53D2B4E9-2E9F-4CBA-8CF8-B253CF36C52E}.Debug|Any CPU.Build.0 = Debug|Any CPU
		{53D2B4E9-2E9F-4CBA-8CF8-B253CF36C52E}.Release|Any CPU.ActiveCfg = Release|Any CPU
		{53D2B4E9-2E9F-4CBA-8CF8-B253CF36C52E}.Release|Any CPU.Build.0 = Release|Any CPU
	EndGlobalSection
	GlobalSection(SolutionProperties) = preSolution
		HideSolutionNode = FALSE
	EndGlobalSection
	GlobalSection(ExtensibilityGlobals) = postSolution
		SolutionGuid = {06415570-C9ED-49D5-B510-B2E1E8001EEC}
	EndGlobalSection
EndGlobal
